{
  "name": "harmonic",
  "lockfileVersion": 3,
  "requires": true,
  "packages": {
    "": {
      "dependencies": {
        "harmonic-theme-default": "latest"
      }
    },
    "node_modules/harmonic-theme-default": {
      "version": "2.1.1",
      "resolved": "https://registry.npmjs.org/harmonic-theme-default/-/harmonic-theme-default-2.1.1.tgz",
      "integrity": "sha512-RgdFbPnkIE8AUJJdkrwiOylVdIzlWBlIndizsDbP3bbiB4KVuh5l6xqaaRptgzq+hR5ZnUgy0zt+bP3EMl8Hlw=="
    }
  }
}
